
Microsoft Visual Studio Solution File, Format Version 12.00
# Visual Studio 15
VisualStudioVersion = 15.0.28307.572
MinimumVisualStudioVersion = 10.0.40219.1
Project("{8BC9CEB8-8B4A-11D0-8D11-00A0C91BC942}") = "Decoboco", "Decoboco\Decoboco.vcxproj", "{8112583F-E92F-4453-8965-FB31B8275656}"
EndProject
Global
	GlobalSection(SolutionConfigurationPlatforms) = preSolution
		Debug|x64 = Debug|x64
		Debug|x86 = Debug|x86
		Release|x64 = Release|x64
		Release|x86 = Release|x86
	EndGlobalSection
	GlobalSection(ProjectConfigurationPlatforms) = postSolution
		{8112583F-E92F-4453-8965-FB31B8275656}.Debug|x64.ActiveCfg = Debug|x64
		{8112583F-E92F-4453-8965-FB31B8275656}.Debug|x64.Build.0 = Debug|x64
		{8112583F-E92F-4453-8965-FB31B8275656}.Debug|x86.ActiveCfg = Debug|Win32
		{8112583F-E92F-4453-8965-FB31B8275656}.Debug|x86.Build.0 = Debug|Win32
		{8112583F-E92F-4453-8965-FB31B8275656}.Release|x64.ActiveCfg = Release|x64
		{8112583F-E92F-4453-8965-FB31B8275656}.Release|x64.Build.0 = Release|x64
		{8112583F-E92F-4453-8965-FB31B8275656}.Release|x86.ActiveCfg = Release|Win32
		{8112583F-E92F-4453-8965-FB31B8275656}.Release|x86.Build.0 = Release|Win32
	EndGlobalSection
	GlobalSection(SolutionProperties) = preSolution
		HideSolutionNode = FALSE
	EndGlobalSection
	GlobalSection(ExtensibilityGlobals) = postSolution
		SolutionGuid = {60B8017E-B3AB-483E-B6CF-28E98E721B8D}
	EndGlobalSection
EndGlobal
